// !$*UTF8*$!
{
	archiveVersion = 1;
	classes = {
	};
	objectVersion = 50;
	objects = {

/* Begin PBXBuildFile section */
		83424FA32327BCC7002657BC /* AppDelegate.swift in Sources */ = {isa = PBXBuildFile; fileRef = 83424FA22327BCC7002657BC /* AppDelegate.swift */; };
		83424FA52327BCC7002657BC /* ViewController.swift in Sources */ = {isa = PBXBuildFile; fileRef = 83424FA42327BCC7002657BC /* ViewController.swift */; };
		83424FA82327BCC7002657BC /* Main.storyboard in Resources */ = {isa = PBXBuildFile; fileRef = 83424FA62327BCC7002657BC /* Main.storyboard */; };
		83424FAB2327BCC7002657BC /* githubXcode.xcdatamodeld in Sources */ = {isa = PBXBuildFile; fileRef = 83424FA92327BCC7002657BC /* githubXcode.xcdatamodeld */; };
		83424FAD2327BCC9002657BC /* Assets.xcassets in Resources */ = {isa = PBXBuildFile; fileRef = 83424FAC2327BCC9002657BC /* Assets.xcassets */; };
		83424FB02327BCC9002657BC /* LaunchScreen.storyboard in Resources */ = {isa = PBXBuildFile; fileRef = 83424FAE2327BCC9002657BC /* LaunchScreen.storyboard */; };
/* End PBXBuildFile section */

/* Begin PBXFileReference section */
		83424F9F2327BCC7002657BC /* githubXcode.app */ = {isa = PBXFileReference; explicitFileType = wrapper.application; includeInIndex = 0; path = githubXcode.app; sourceTree = BUILT_PRODUCTS_DIR; };
		83424FA22327BCC7002657BC /* AppDelegate.swift */ = {isa = PBXFileReference; lastKnownFileType = sourcecode.swift; path = AppDelegate.swift; sourceTree = "<group>"; };
		83424FA42327BCC7002657BC /* ViewController.swift */ = {isa = PBXFileReference; lastKnownFileType = sourcecode.swift; path = ViewController.swift; sourceTree = "<group>"; };
		83424FA72327BCC7002657BC /* Base */ = {isa = PBXFileReference; lastKnownFileType = file.storyboard; name = Base; path = Base.lproj/Main.storyboard; sourceTree = "<group>"; };
		83424FAA2327BCC7002657BC /* githubXcode.xcdatamodel */ = {isa = PBXFileReference; lastKnownFileType = wrapper.xcdatamodel; path = githubXcode.xcdatamodel; sourceTree = "<group>"; };
		83424FAC2327BCC9002657BC /* Assets.xcassets */ = {isa = PBXFileReference; lastKnownFileType = folder.assetcatalog; path = Assets.xcassets; sourceTree = "<group>"; };
		83424FAF2327BCC9002657BC /* Base */ = {isa = PBXFileReference; lastKnownFileType = file.storyboard; name = Base; path = Base.lproj/LaunchScreen.storyboard; sourceTree = "<group>"; };
		83424FB12327BCC9002657BC /* Info.plist */ = {isa = PBXFileReference; lastKnownFileType = text.plist.xml; path = Info.plist; sourceTree = "<group>"; };
/* End PBXFileReference section */

/* Begin PBXFrameworksBuildPhase section */
		83424F9C2327BCC7002657BC /* Frameworks */ = {
			isa = PBXFrameworksBuildPhase;
			buildActionMask = 2147483647;
			files = (
			);
			runOnlyForDeploymentPostprocessing = 0;
		};
/* End PBXFrameworksBuildPhase section */

/* Begin PBXGroup section */
		83424F962327BCC7002657BC = {
			isa = PBXGroup;
			children = (
				83424FA12327BCC7002657BC /* githubXcode */,
				83424FA02327BCC7002657BC /* Products */,
			);
			sourceTree = "<group>";
		};
		83424FA02327BCC7002657BC /* Products */ = {
			isa = PBXGroup;
			children = (
				83424F9F2327BCC7002657BC /* githubXcode.app */,
			);
			name = Products;
			sourceTree = "<group>";
		};
		83424FA12327BCC7002657BC /* githubXcode */ = {
			isa = PBXGroup;
			children = (
				83424FA22327BCC7002657BC /* AppDelegate.swift */,
				83424FA42327BCC7002657BC /* ViewController.swift */,
				83424FA62327BCC7002657BC /* Main.storyboard */,
				83424FAC2327BCC9002657BC /* Assets.xcassets */,
				83424FAE2327BCC9002657BC /* LaunchScreen.storyboard */,
				83424FB12327BCC9002657BC /* Info.plist */,
				83424FA92327BCC7002657BC /* githubXcode.xcdatamodeld */,
			);
			path = githubXcode;
			sourceTree = "<group>";
		};
/* End PBXGroup section */

/* Begin PBXNativeTarget section */
		83424F9E2327BCC7002657BC /* githubXcode */ = {
			isa = PBXNativeTarget;
			buildConfigurationList = 83424FB42327BCC9002657BC /* Build configuration list for PBXNativeTarget "githubXcode" */;
			buildPhases = (
				83424F9B2327BCC7002657BC /* Sources */,
				83424F9C2327BCC7002657BC /* Frameworks */,
				83424F9D2327BCC7002657BC /* Resources */,
			);
			buildRules = (
			);
			dependencies = (
			);
			name = githubXcode;
			productName = githubXcode;
			productReference = 83424F9F2327BCC7002657BC /* githubXcode.app */;
			productType = "com.apple.product-type.application";
		};
/* End PBXNativeTarget section */

/* Begin PBXProject section */
		83424F972327BCC7002657BC /* Project object */ = {
			isa = PBXProject;
			attributes = {
				LastSwiftUpdateCheck = 1010;
				LastUpgradeCheck = 1010;
				ORGANIZATIONNAME = "yousef Omar";
				TargetAttributes = {
					83424F9E2327BCC7002657BC = {
						CreatedOnToolsVersion = 10.1;
					};
				};
			};
			buildConfigurationList = 83424F9A2327BCC7002657BC /* Build configuration list for PBXProject "githubXcode" */;
			compatibilityVersion = "Xcode 9.3";
			developmentRegion = en;
			hasScannedForEncodings = 0;
			knownRegions = (
				en,
				Base,
			);
			mainGroup = 83424F962327BCC7002657BC;
			productRefGroup = 83424FA02327BCC7002657BC /* Products */;
			projectDirPath = "";
			projectRoot = "";
			targets = (
				83424F9E2327BCC7002657BC /* githubXcode */,
			);
		};
/* End PBXProject section */

/* Begin PBXResourcesBuildPhase section */
		83424F9D2327BCC7002657BC /* Resources */ = {
			isa = PBXResourcesBuildPhase;
			buildActionMask = 2147483647;
			files = (
				83424FB02327BCC9002657BC /* LaunchScreen.storyboard in Resources */,
				83424FAD2327BCC9002657BC /* Assets.xcassets in Resources */,
				83424FA82327BCC7002657BC /* Main.storyboard in Resources */,
			);
			runOnlyForDeploymentPostprocessing = 0;
		};
/* End PBXResourcesBuildPhase section */

/* Begin PBXSourcesBuildPhase section */
		83424F9B2327BCC7002657BC /* Sources */ = {
			isa = PBXSourcesBuildPhase;
			buildActionMask = 2147483647;
			files = (
				83424FA52327BCC7002657BC /* ViewController.swift in Sources */,
				83424FAB2327BCC7002657BC /* githubXcode.xcdatamodeld in Sources */,
				83424FA32327BCC7002657BC /* AppDelegate.swift in Sources */,
			);
			runOnlyForDeploymentPostprocessing = 0;
		};
/* End PBXSourcesBuildPhase section */

/* Begin PBXVariantGroup section */
		83424FA62327BCC7002657BC /* Main.storyboard */ = {
			isa = PBXVariantGroup;
			children = (
				83424FA72327BCC7002657BC /* Base */,
			);
			name = Main.storyboard;
			sourceTree = "<group>";
		};
		83424FAE2327BCC9002657BC /* LaunchScreen.storyboard */ = {
			isa = PBXVariantGroup;
			children = (
				83424FAF2327BCC9002657BC /* Base */,
			);
			name = LaunchScreen.storyboard;
			sourceTree = "<group>";
		};
/* End PBXVariantGroup section */

/* Begin XCBuildConfiguration section */
		83424FB22327BCC9002657BC /* Debug */ = {
			isa = XCBuildConfiguration;
			buildSettings = {
				ALWAYS_SEARCH_USER_PATHS = NO;
				CLANG_ANALYZER_NONNULL = YES;
				CLANG_ANALYZER_NUMBER_OBJECT_CONVERSION = YES_AGGRESSIVE;
				CLANG_CXX_LANGUAGE_STANDARD = "gnu++14";
				CLANG_CXX_LIBRARY = "libc++";
				CLANG_ENABLE_MODULES = YES;
				CLANG_ENABLE_OBJC_ARC = YES;
				CLANG_ENABLE_OBJC_WEAK = YES;
				CLANG_WARN_BLOCK_CAPTURE_AUTORELEASING = YES;
				CLANG_WARN_BOOL_CONVERSION = YES;
				CLANG_WARN_COMMA = YES;
				CLANG_WARN_CONSTANT_CONVERSION = YES;
				CLANG_WARN_DEPRECATED_OBJC_IMPLEMENTATIONS = YES;
				CLANG_WARN_DIRECT_OBJC_ISA_USAGE = YES_ERROR;
				CLANG_WARN_DOCUMENTATION_COMMENTS = YES;
				CLANG_WARN_EMPTY_BODY = YES;
				CLANG_WARN_ENUM_CONVERSION = YES;
				CLANG_WARN_INFINITE_RECURSION = YES;
				CLANG_WARN_INT_CONVERSION = YES;
				CLANG_WARN_NON_LITERAL_NULL_CONVERSION = YES;
				CLANG_WARN_OBJC_IMPLICIT_RETAIN_SELF = YES;
				CLANG_WARN_OBJC_LITERAL_CONVERSION = YES;
				CLANG_WARN_OBJC_ROOT_CLASS = YES_ERROR;
				CLANG_WARN_RANGE_LOOP_ANALYSIS = YES;
				CLANG_WARN_STRICT_PROTOTYPES = YES;
				CLANG_WARN_SUSPICIOUS_MOVE = YES;
				CLANG_WARN_UNGUARDED_AVAILABILITY = YES_AGGRESSIVE;
				CLANG_WARN_UNREACHABLE_CODE = YES;
				CLANG_WARN__DUPLICATE_METHOD_MATCH = YES;
				CODE_SIGN_IDENTITY = "iPhone Developer";
				COPY_PHASE_STRIP = NO;
				DEBUG_INFORMATION_FORMAT = dwarf;
				ENABLE_STRICT_OBJC_MSGSEND = YES;
				ENABLE_TESTABILITY = YES;
				GCC_C_LANGUAGE_STANDARD = gnu11;
				GCC_DYNAMIC_NO_PIC = NO;
				GCC_NO_COMMON_BLOCKS = YES;
				GCC_OPTIMIZATION_LEVEL = 0;
				GCC_PREPROCESSOR_DEFINITIONS = (
					"DEBUG=1",
					"$(inherited)",
				);
				GCC_WARN_64_TO_32_BIT_CONVERSION = YES;
				GCC_WARN_ABOUT_RETURN_TYPE = YES_ERROR;
				GCC_WARN_UNDECLARED_SELECTOR = YES;
				GCC_WARN_UNINITIALIZED_AUTOS = YES_AGGRESSIVE;
				GCC_WARN_UNUSED_FUNCTION = YES;
				GCC_WARN_UNUSED_VARIABLE = YES;
				IPHONEOS_DEPLOYMENT_TARGET = 12.1;
				MTL_ENABLE_DEBUG_INFO = INCLUDE_SOURCE;
				MTL_FAST_MATH = YES;
				ONLY_ACTIVE_ARCH = YES;
				SDKROOT = iphoneos;
				SWIFT_ACTIVE_COMPILATION_CONDITIONS = DEBUG;
				SWIFT_OPTIMIZATION_LEVEL = "-Onone";
			};
			name = Debug;
		};
		83424FB32327BCC9002657BC /* Release */ = {
			isa = XCBuildConfiguration;
			buildSettings = {
				ALWAYS_SEARCH_USER_PATHS = NO;
				CLANG_ANALYZER_NONNULL = YES;
				CLANG_ANALYZER_NUMBER_OBJECT_CONVERSION = YES_AGGRESSIVE;
				CLANG_CXX_LANGUAGE_STANDARD = "gnu++14";
				CLANG_CXX_LIBRARY = "libc++";
				CLANG_ENABLE_MODULES = YES;
				CLANG_ENABLE_OBJC_ARC = YES;
				CLANG_ENABLE_OBJC_WEAK = YES;
				CLANG_WARN_BLOCK_CAPTURE_AUTORELEASING = YES;
				CLANG_WARN_BOOL_CONVERSION = YES;
				CLANG_WARN_COMMA = YES;
				CLANG_WARN_CONSTANT_CONVERSION = YES;
				CLANG_WARN_DEPRECATED_OBJC_IMPLEMENTATIONS = YES;
				CLANG_WARN_DIRECT_OBJC_ISA_USAGE = YES_ERROR;
				CLANG_WARN_DOCUMENTATION_COMMENTS = YES;
				CLANG_WARN_EMPTY_BODY = YES;
				CLANG_WARN_ENUM_CONVERSION = YES;
				CLANG_WARN_INFINITE_RECURSION = YES;
				CLANG_WARN_INT_CONVERSION = YES;
				CLANG_WARN_NON_LITERAL_NULL_CONVERSION = YES;
				CLANG_WARN_OBJC_IMPLICIT_RETAIN_SELF = YES;
				CLANG_WARN_OBJC_LITERAL_CONVERSION = YES;
				CLANG_WARN_OBJC_ROOT_CLASS = YES_ERROR;
				CLANG_WARN_RANGE_LOOP_ANALYSIS = YES;
				CLANG_WARN_STRICT_PROTOTYPES = YES;
				CLANG_WARN_SUSPICIOUS_MOVE = YES;
				CLANG_WARN_UNGUARDED_AVAILABILITY = YES_AGGRESSIVE;
				CLANG_WARN_UNREACHABLE_CODE = YES;
				CLANG_WARN__DUPLICATE_METHOD_MATCH = YES;
				CODE_SIGN_IDENTITY = "iPhone Developer";
				COPY_PHASE_STRIP = NO;
				DEBUG_INFORMATION_FORMAT = "dwarf-with-dsym";
				ENABLE_NS_ASSERTIONS = NO;
				ENABLE_STRICT_OBJC_MSGSEND = YES;
				GCC_C_LANGUAGE_STANDARD = gnu11;
				GCC_NO_COMMON_BLOCKS = YES;
				GCC_WARN_64_TO_32_BIT_CONVERSION = YES;
				GCC_WARN_ABOUT_RETURN_TYPE = YES_ERROR;
				GCC_WARN_UNDECLARED_SELECTOR = YES;
				GCC_WARN_UNINITIALIZED_AUTOS = YES_AGGRESSIVE;
				GCC_WARN_UNUSED_FUNCTION = YES;
				GCC_WARN_UNUSED_VARIABLE = YES;
				IPHONEOS_DEPLOYMENT_TARGET = 12.1;
				MTL_ENABLE_DEBUG_INFO = NO;
				MTL_FAST_MATH = YES;
				SDKROOT = iphoneos;
				SWIFT_COMPILATION_MODE = wholemodule;
				SWIFT_OPTIMIZATION_LEVEL = "-O";
				VALIDATE_PRODUCT = YES;
			};
			name = Release;
		};
		83424FB52327BCC9002657BC /* Debug */ = {
			isa = XCBuildConfiguration;
			buildSettings = {
				ASSETCATALOG_COMPILER_APPICON_NAME = AppIcon;
				CODE_SIGN_STYLE = Automatic;
				DEVELOPMENT_TEAM = FUSCCWMV2Y;
				INFOPLIST_FILE = githubXcode/Info.plist;
				LD_RUNPATH_SEARCH_PATHS = (
					"$(inherited)",
					"@executable_path/Frameworks",
				);
				PRODUCT_BUNDLE_IDENTIFIER = com.yousef.storything.githubXcode;
				PRODUCT_NAME = "$(TARGET_NAME)";
				SWIFT_VERSION = 4.2;
				TARGETED_DEVICE_FAMILY = "1,2";
			};
			name = Debug;
		};
		83424FB62327BCC9002657BC /* Release */ = {
			isa = XCBuildConfiguration;
			buildSettings = {
				ASSETCATALOG_COMPILER_APPICON_NAME = AppIcon;
				CODE_SIGN_STYLE = Automatic;
				DEVELOPMENT_TEAM = FUSCCWMV2Y;
				INFOPLIST_FILE = githubXcode/Info.plist;
				LD_RUNPATH_SEARCH_PATHS = (
					"$(inherited)",
					"@executable_path/Frameworks",
				);
				PRODUCT_BUNDLE_IDENTIFIER = com.yousef.storything.githubXcode;
				PRODUCT_NAME = "$(TARGET_NAME)";
				SWIFT_VERSION = 4.2;
				TARGETED_DEVICE_FAMILY = "1,2";
			};
			name = Release;
		};
/* End XCBuildConfiguration section */

/* Begin XCConfigurationList section */
		83424F9A2327BCC7002657BC /* Build configuration list for PBXProject "githubXcode" */ = {
			isa = XCConfigurationList;
			buildConfigurations = (
				83424FB22327BCC9002657BC /* Debug */,
				83424FB32327BCC9002657BC /* Release */,
			);
			defaultConfigurationIsVisible = 0;
			defaultConfigurationName = Release;
		};
		83424FB42327BCC9002657BC /* Build configuration list for PBXNativeTarget "githubXcode" */ = {
			isa = XCConfigurationList;
			buildConfigurations = (
				83424FB52327BCC9002657BC /* Debug */,
				83424FB62327BCC9002657BC /* Release */,
			);
			defaultConfigurationIsVisible = 0;
			defaultConfigurationName = Release;
		};
/* End XCConfigurationList section */

/* Begin XCVersionGroup section */
		83424FA92327BCC7002657BC /* githubXcode.xcdatamodeld */ = {
			isa = XCVersionGroup;
			children = (
				83424FAA2327BCC7002657BC /* githubXcode.xcdatamodel */,
			);
			currentVersion = 83424FAA2327BCC7002657BC /* githubXcode.xcdatamodel */;
			path = githubXcode.xcdatamodeld;
			sourceTree = "<group>";
			versionGroupType = wrapper.xcdatamodel;
		};
/* End XCVersionGroup section */
	};
	rootObject = 83424F972327BCC7002657BC /* Project object */;
}
